# This file is automatically @generated by Cargo.
# It is not intended for manual editing.
version = 3

[[package]]
name = "bills_pay_domain"
version = "0.1.0"

[[package]]
name = "bills_pay_repos"
version = "0.1.0"
dependencies = [
 "bills_pay_domain",
]

[[package]]
name = "bills_pay_service"
version = "0.1.0"
dependencies = [
 "bills_pay_repos",
]

[[package]]
name = "bills_pay_web"
version = "0.1.0"
dependencies = [
 "bills_pay_service",
]
